<?xml version="1.0" encoding="utf-8"?>
<Project ToolsVersion="4.0" xmlns="http://schemas.microsoft.com/developer/msbuild/2003">
  <ItemGroup>
    <Filter Include="Source Files">
      <UniqueIdentifier>{4FC737F1-C7A5-4376-A066-2A32D752A2FF}</UniqueIdentifier>
      <Extensions>cpp;c;cc;cxx;c++;cppm;ixx;def;odl;idl;hpj;bat;asm;asmx</Extensions>
    </Filter>
    <Filter Include="Header Files">
      <UniqueIdentifier>{93995380-89BD-4b04-88EB-625FBE52EBFB}</UniqueIdentifier>
      <Extensions>h;hh;hpp;hxx;h++;hm;inl;inc;ipp;xsd</Extensions>
    </Filter>
    <Filter Include="Resource Files">
      <UniqueIdentifier>{67DA6AB6-F800-4c08-8B7A-83BB121AAD01}</UniqueIdentifier>
      <Extensions>rc;ico;cur;bmp;dlg;rc2;rct;bin;rgs;gif;jpg;jpeg;jpe;resx;tiff;tif;png;wav;mfcribbon-ms</Extensions>
    </Filter>
  </ItemGroup>
  <ItemGroup>
    <ClCompile Include="..\src\main.cpp">
      <Filter>Source Files</Filter>
    </ClCompile>
    <ClCompile Include="..\src\Utils.cpp">
      <Filter>Source Files</Filter>
    </ClCompile>
    <ClCompile Include="..\src\PongPlatform.cpp">
      <Filter>Source Files</Filter>
    </ClCompile>
    <ClCompile Include="..\src\Ball.cpp">
      <Filter>Source Files</Filter>
    </ClCompile>
    <ClCompile Include="..\src\SceneNode.cpp">
      <Filter>Source Files</Filter>
    </ClCompile>
    <ClCompile Include="..\src\Scene.cpp">
      <Filter>Source Files</Filter>
    </ClCompile>
    <ClCompile Include="..\src\ComponentHolder.cpp">
      <Filter>Source Files</Filter>
    </ClCompile>
    <ClCompile Include="..\src\Physics\AbstractBody.cpp">
      <Filter>Source Files</Filter>
    </ClCompile>
    <ClCompile Include="..\src\Physics\PhysicsHandler.cpp">
      <Filter>Source Files</Filter>
    </ClCompile>
    <ClCompile Include="..\src\Physics\PolygonBody.cpp">
      <Filter>Source Files</Filter>
    </ClCompile>
    <ClCompile Include="..\src\DebugComponent.cpp">
      <Filter>Source Files</Filter>
    </ClCompile>
    <ClCompile Include="..\src\SceneLoader.cpp">
      <Filter>Source Files</Filter>
    </ClCompile>
    <ClCompile Include="..\src\UserInput.cpp">
      <Filter>Source Files</Filter>
    </ClCompile>
    <ClCompile Include="..\src\UserPullComponent.cpp">
      <Filter>Source Files</Filter>
    </ClCompile>
    <ClCompile Include="..\src\BodyPullHandler.cpp">
      <Filter>Source Files</Filter>
    </ClCompile>
  </ItemGroup>
  <ItemGroup>
    <ClInclude Include="..\src\Utils.h">
      <Filter>Header Files</Filter>
    </ClInclude>
    <ClInclude Include="..\src\PongPlatform.h">
      <Filter>Header Files</Filter>
    </ClInclude>
    <ClInclude Include="..\src\Updateable.h">
      <Filter>Header Files</Filter>
    </ClInclude>
    <ClInclude Include="..\src\Ball.h">
      <Filter>Header Files</Filter>
    </ClInclude>
    <ClInclude Include="..\src\SceneNode.h">
      <Filter>Header Files</Filter>
    </ClInclude>
    <ClInclude Include="..\src\Scene.h">
      <Filter>Header Files</Filter>
    </ClInclude>
    <ClInclude Include="..\src\ComponentHolder.h">
      <Filter>Header Files</Filter>
    </ClInclude>
    <ClInclude Include="..\src\ComponentBase.h">
      <Filter>Header Files</Filter>
    </ClInclude>
    <ClInclude Include="..\src\common.h">
      <Filter>Header Files</Filter>
    </ClInclude>
    <ClInclude Include="..\src\Singleton.h">
      <Filter>Header Files</Filter>
    </ClInclude>
    <ClInclude Include="..\src\Physics\AbstractBody.h">
      <Filter>Header Files</Filter>
    </ClInclude>
    <ClInclude Include="..\src\Physics\PhysicalComponent.h">
      <Filter>Header Files</Filter>
    </ClInclude>
    <ClInclude Include="..\src\Physics\PhysicsHandler.h">
      <Filter>Header Files</Filter>
    </ClInclude>
    <ClInclude Include="..\src\Physics\PolygonBody.h">
      <Filter>Header Files</Filter>
    </ClInclude>
    <ClInclude Include="..\src\GameLoop.h">
      <Filter>Header Files</Filter>
    </ClInclude>
    <ClInclude Include="..\src\DebugComponent.h">
      <Filter>Header Files</Filter>
    </ClInclude>
    <ClInclude Include="..\src\SceneLoader.h">
      <Filter>Header Files</Filter>
    </ClInclude>
    <ClInclude Include="..\src\Physics\CollisionDetails.h">
      <Filter>Header Files</Filter>
    </ClInclude>
    <ClInclude Include="..\src\UserInput.h">
      <Filter>Header Files</Filter>
    </ClInclude>
    <ClInclude Include="..\src\UserPullComponent.h">
      <Filter>Header Files</Filter>
    </ClInclude>
    <ClInclude Include="..\src\BodyPullHandler.h">
      <Filter>Header Files</Filter>
    </ClInclude>
  </ItemGroup>
</Project>